<?xml version="1.0" encoding="utf-8"?>
<Project ToolsVersion="4.0" xmlns="http://schemas.microsoft.com/developer/msbuild/2003">
  <ItemGroup>
    <Filter Include="Resource Files">
      <UniqueIdentifier>{67DA6AB6-F800-4c08-8B7A-83BB121AAD01}</UniqueIdentifier>
      <Extensions>rc;ico;cur;bmp;dlg;rc2;rct;bin;rgs;gif;jpg;jpeg;jpe;resx;tiff;tif;png;wav;mfcribbon-ms</Extensions>
    </Filter>
    <Filter Include="Shared">
      <UniqueIdentifier>{ab02d5da-7fb3-494b-a636-03764d9a8acd}</UniqueIdentifier>
    </Filter>
    <Filter Include="Tutorial">
      <UniqueIdentifier>{e1a87048-bca2-46e6-a234-91d7d64eb983}</UniqueIdentifier>
    </Filter>
    <Filter Include="Tutorial\schematics">
      <UniqueIdentifier>{da425f4a-cf76-48e8-87cb-d9fda0f42365}</UniqueIdentifier>
    </Filter>
    <Filter Include="Tutorial\Loc">
      <UniqueIdentifier>{c0ba5f53-4881-495e-8158-5d87f379426d}</UniqueIdentifier>
    </Filter>
    <Filter Include="Tutorial\Loc\Microsoft">
      <UniqueIdentifier>{61651432-41a1-42f0-a853-c7795d813418}</UniqueIdentifier>
    </Filter>
    <Filter Include="Packs">
      <UniqueIdentifier>{e194e42b-1c9b-4e35-9a4b-dabd68eab3e0}</UniqueIdentifier>
    </Filter>
  </ItemGroup>
  <ItemGroup>
    <None Include="Tutorial\GameRules.xml">
      <Filter>Tutorial</Filter>
    </None>
    <None Include="Tutorial\Strings\en-EN.lang">
      <Filter>Tutorial\Loc</Filter>
    </None>
    <None Include="Tutorial\Strings\Microsoft\de-DE.lang">
      <Filter>Tutorial\Loc\Microsoft</Filter>
    </None>
    <None Include="Tutorial\Strings\Microsoft\es-ES.lang">
      <Filter>Tutorial\Loc\Microsoft</Filter>
    </None>
    <None Include="Tutorial\Strings\Microsoft\fr-FR.lang">
      <Filter>Tutorial\Loc\Microsoft</Filter>
    </None>
    <None Include="Tutorial\Strings\Microsoft\it-IT.lang">
      <Filter>Tutorial\Loc\Microsoft</Filter>
    </None>
    <None Include="Tutorial\Strings\Microsoft\ja-JP.lang">
      <Filter>Tutorial\Loc\Microsoft</Filter>
    </None>
    <None Include="Tutorial\Strings\Microsoft\ko-KR.lang">
      <Filter>Tutorial\Loc\Microsoft</Filter>
    </None>
    <None Include="Tutorial\Strings\Microsoft\pt-BR.lang">
      <Filter>Tutorial\Loc\Microsoft</Filter>
    </None>
    <None Include="Tutorial\Strings\Microsoft\pt-PT.lang">
      <Filter>Tutorial\Loc\Microsoft</Filter>
    </None>
    <None Include="Tutorial\Strings\Microsoft\zh-CHT.lang">
      <Filter>Tutorial\Loc\Microsoft</Filter>
    </None>
    <None Include="..\Tutorial.pck">
      <Filter>Packs</Filter>
    </None>
    <None Include="Tutorial\schematics\JungleTemp.sch">
      <Filter>Tutorial\schematics</Filter>
    </None>
    <None Include="Tutorial\schematics\Lava.sch">
      <Filter>Tutorial\schematics</Filter>
    </None>
    <None Include="Tutorial\schematics\MinecraftSign.sch">
      <Filter>Tutorial\schematics</Filter>
    </None>
    <None Include="Tutorial\schematics\Mushroom.sch">
      <Filter>Tutorial\schematics</Filter>
    </None>
    <None Include="Tutorial\schematics\Ship.sch">
      <Filter>Tutorial\schematics</Filter>
    </None>
    <None Include="Tutorial\schematics\Spider.sch">
      <Filter>Tutorial\schematics</Filter>
    </None>
    <None Include="Tutorial\schematics\Stairs.sch">
      <Filter>Tutorial\schematics</Filter>
    </None>
    <None Include="Tutorial\schematics\StoneCircle.sch">
      <Filter>Tutorial\schematics</Filter>
    </None>
    <None Include="Tutorial\schematics\Tower.sch">
      <Filter>Tutorial\schematics</Filter>
    </None>
    <None Include="Tutorial\schematics\Pyramid.sch">
      <Filter>Tutorial\schematics</Filter>
    </None>
    <None Include="Tutorial\schematics\CasTes1.sch">
      <Filter>Tutorial\schematics</Filter>
    </None>
    <None Include="Tutorial\schematics\CasTes2.sch">
      <Filter>Tutorial\schematics</Filter>
    </None>
    <None Include="Tutorial\schematics\Boat.sch" />
    <None Include="Tutorial\schematics\CastleBottom.sch" />
    <None Include="Tutorial\schematics\CastleFront.sch" />
    <None Include="Tutorial\schematics\CastleLeft.sch" />
    <None Include="Tutorial\schematics\CastleMain.sch" />
    <None Include="Tutorial\schematics\CastleRight.sch" />
    <None Include="Tutorial\schematics\CastleTop.sch" />
    <None Include="Tutorial\schematics\Tutorial.sch" />
  </ItemGroup>
  <ItemGroup>
    <Xsd Include="GameRulesDefinition.xsd">
      <Filter>Shared</Filter>
    </Xsd>
  </ItemGroup>
</Project>