
Microsoft Visual Studio Solution File, Format Version 11.00
# Visual Studio 2010
Project("{8BC9CEB8-8B4A-11D0-8D11-00A0C91BC942}") = "GameRules", "GameRules.vcxproj", "{0DD2FD59-36AC-476F-9201-D687A4CE9E98}"
EndProject
Global
	GlobalSection(TeamFoundationVersionControl) = preSolution
		SccNumberOfProjects = 2
		SccEnterpriseProvider = {4CA58AB2-18FA-4F8D-95D4-32DDF27D184C}
		SccTeamFoundationServer = http://tfs_server:8080/tfs/storiespark
		SccProjectUniqueName0 = GameRules.vcxproj
		SccLocalPath0 = .
		SccLocalPath1 = .
	EndGlobalSection
	GlobalSection(SolutionConfigurationPlatforms) = preSolution
		Debug|Xbox 360 = Debug|Xbox 360
		Release|Xbox 360 = Release|Xbox 360
	EndGlobalSection
	GlobalSection(ProjectConfigurationPlatforms) = postSolution
		{0DD2FD59-36AC-476F-9201-D687A4CE9E98}.Debug|Xbox 360.ActiveCfg = Debug|Xbox 360
		{0DD2FD59-36AC-476F-9201-D687A4CE9E98}.Debug|Xbox 360.Build.0 = Debug|Xbox 360
		{0DD2FD59-36AC-476F-9201-D687A4CE9E98}.Debug|Xbox 360.Deploy.0 = Debug|Xbox 360
		{0DD2FD59-36AC-476F-9201-D687A4CE9E98}.Release|Xbox 360.ActiveCfg = Release|Xbox 360
		{0DD2FD59-36AC-476F-9201-D687A4CE9E98}.Release|Xbox 360.Build.0 = Release|Xbox 360
		{0DD2FD59-36AC-476F-9201-D687A4CE9E98}.Release|Xbox 360.Deploy.0 = Release|Xbox 360
	EndGlobalSection
	GlobalSection(SolutionProperties) = preSolution
		HideSolutionNode = FALSE
	EndGlobalSection
EndGlobal
