<?xml version="1.0" encoding="utf-8"?>
<Project ToolsVersion="4.0" xmlns="http://schemas.microsoft.com/developer/msbuild/2003">
  <ItemGroup>
    <Filter Include="Source Files">
      <UniqueIdentifier>{881f28ee-ca74-4afc-94a6-2346cb88f86d}</UniqueIdentifier>
      <Extensions>cpp;c;cxx;cc;s;asm</Extensions>
    </Filter>
  </ItemGroup>
  <ItemGroup>
    <ClInclude Include="stdafx.h" />
    <ClInclude Include="StemTile_SPU.h" />
    <ClInclude Include="StoneMonsterTile_SPU.h" />
    <ClInclude Include="stubs_SPU.h" />
    <ClInclude Include="TallGrass_SPU.h" />
    <ClInclude Include="Tesselator_SPU.h" />
    <ClInclude Include="TheEndPortal_SPU.h" />
    <ClInclude Include="TheEndPortalFrameTile_SPU.h" />
    <ClInclude Include="ThinFenceTile_SPU.h" />
    <ClInclude Include="Tile_SPU.h" />
    <ClInclude Include="TileRenderer_SPU.h" />
    <ClInclude Include="TntTile_SPU.h" />
    <ClInclude Include="TopSnowTile_SPU.h" />
    <ClInclude Include="TorchTile_SPU.h" />
    <ClInclude Include="TrapDoorTile_SPU.h" />
    <ClInclude Include="TreeTile_SPU.h" />
    <ClInclude Include="VineTile_SPU.h" />
    <ClInclude Include="WaterLilyTile_SPU.h" />
    <ClInclude Include="WebTile_SPU.h" />
    <ClInclude Include="WoodTile_SPU.h" />
    <ClInclude Include="WorkbenchTile_SPU.h" />
    <ClInclude Include="BedTile_SPU.h" />
    <ClInclude Include="BookshelfTile_SPU.h" />
    <ClInclude Include="BrewingStandTile_SPU.h" />
    <ClInclude Include="Bush_SPU.h" />
    <ClInclude Include="ButtonTile_SPU.h" />
    <ClInclude Include="CactusTile_SPU.h" />
    <ClInclude Include="CakeTile_SPU.h" />
    <ClInclude Include="CauldronTile_SPU.h" />
    <ClInclude Include="ChestTile_SPU.h" />
    <ClInclude Include="ChunkRebuildData.h" />
    <ClInclude Include="CocoaTile_SPU.h" />
    <ClInclude Include="CropTile_SPU.h" />
    <ClInclude Include="DetectorRailTile_SPU.h" />
    <ClInclude Include="DiodeTile_SPU.h" />
    <ClInclude Include="Direction_SPU.h" />
    <ClInclude Include="DirectionalTile_SPU.h" />
    <ClInclude Include="DirtTile_SPU.h" />
    <ClInclude Include="DispenserTile_SPU.h" />
    <ClInclude Include="DoorTile_SPU.h" />
    <ClInclude Include="EggTile_SPU.h" />
    <ClInclude Include="EnchantmentTableTile_SPU.h" />
    <ClInclude Include="EntityTile_SPU.h" />
    <ClInclude Include="Facing_SPU.h" />
    <ClInclude Include="FarmTile_SPU.h" />
    <ClInclude Include="FenceGateTile_SPU.h" />
    <ClInclude Include="FenceTile_SPU.h" />
    <ClInclude Include="FireTile_SPU.h" />
    <ClInclude Include="FurnaceTile_SPU.h" />
    <ClInclude Include="GlassTile_SPU.h" />
    <ClInclude Include="GrassTile_SPU.h" />
    <ClInclude Include="HalfSlabTile_SPU.h" />
    <ClInclude Include="HalfTransparentTile_SPU.h" />
    <ClInclude Include="HugeMushroomTile_SPU.h" />
    <ClInclude Include="IceTile_SPU.h" />
    <ClInclude Include="Icon_SPU.h" />
    <ClInclude Include="LadderTile_SPU.h" />
    <ClInclude Include="LeafTile_SPU.h" />
    <ClInclude Include="LeverTile_SPU.h" />
    <ClInclude Include="LiquidTile_SPU.h" />
    <ClInclude Include="Material_SPU.h" />
    <ClInclude Include="MelonTile_SPU.h" />
    <ClInclude Include="Mushroom_SPU.h" />
    <ClInclude Include="MycelTile_SPU.h" />
    <ClInclude Include="NetherStalkTile_SPU.h" />
    <ClInclude Include="PistonBaseTile_SPU.h" />
    <ClInclude Include="PistonExtensionTile_SPU.h" />
    <ClInclude Include="PistonMovingPiece_SPU.h" />
    <ClInclude Include="PortalTile_SPU.h" />
    <ClInclude Include="PressurePlateTile_SPU.h" />
    <ClInclude Include="PumpkinTile_SPU.h" />
    <ClInclude Include="RailTile_SPU.h" />
    <ClInclude Include="RecordPlayerTile_SPU.h" />
    <ClInclude Include="RedlightTile_SPU.h" />
    <ClInclude Include="RedStoneDustTile_SPU.h" />
    <ClInclude Include="ReedTile_SPU.h" />
    <ClInclude Include="SandStoneTile_SPU.h" />
    <ClInclude Include="Sapling_SPU.h" />
    <ClInclude Include="SignTile_SPU.h" />
    <ClInclude Include="SmoothStoneBrickTile_SPU.h" />
    <ClInclude Include="StairTile_SPU.h" />
    <ClInclude Include="TileItem_SPU.h" />
    <ClInclude Include="Item_SPU.h">
      <Filter>Source Files</Filter>
    </ClInclude>
    <ClInclude Include="ClothTile_SPU.h" />
    <ClInclude Include="SkullTile_SPU.h" />
    <ClInclude Include="WoodSlabTile_SPU.h" />
    <ClInclude Include="StoneSlabTile_SPU.h" />
    <ClInclude Include="MobSpawnerTile_SPU.h" />
    <ClInclude Include="FlowerPotTile_SPU.h" />
    <ClInclude Include="TripWireSourceTile_SPU.h" />
    <ClInclude Include="TripWireTile_SPU.h" />
    <ClInclude Include="WallTile_SPU.h" />
    <ClInclude Include="QuartzBlockTile_SPU.h" />
    <ClInclude Include="PotatoTile_SPU.h" />
    <ClInclude Include="CarrotTile_SPU.h" />
    <ClInclude Include="AnvilTile_SPU.h" />
    <ClInclude Include="EnderChestTile_SPU.h" />
    <ClInclude Include="WoolCarpetTile_SPU.h" />
  </ItemGroup>
  <ItemGroup>
    <ClCompile Include="ChunkRebuildData.cpp">
      <Filter>Source Files</Filter>
    </ClCompile>
    <ClCompile Include="DiodeTile_SPU.cpp">
      <Filter>Source Files</Filter>
    </ClCompile>
    <ClCompile Include="Direction_SPU.cpp">
      <Filter>Source Files</Filter>
    </ClCompile>
    <ClCompile Include="DoorTile_SPU.cpp">
      <Filter>Source Files</Filter>
    </ClCompile>
    <ClCompile Include="Facing_SPU.cpp">
      <Filter>Source Files</Filter>
    </ClCompile>
    <ClCompile Include="FenceTile_SPU.cpp">
      <Filter>Source Files</Filter>
    </ClCompile>
    <ClCompile Include="GrassTile_SPU.cpp">
      <Filter>Source Files</Filter>
    </ClCompile>
    <ClCompile Include="HalfSlabTile_SPU.cpp">
      <Filter>Source Files</Filter>
    </ClCompile>
    <ClCompile Include="Icon_SPU.cpp">
      <Filter>Source Files</Filter>
    </ClCompile>
    <ClCompile Include="LeafTile_SPU.cpp">
      <Filter>Source Files</Filter>
    </ClCompile>
    <ClCompile Include="LiquidTile_SPU.cpp">
      <Filter>Source Files</Filter>
    </ClCompile>
    <ClCompile Include="PressurePlateTile_SPU.cpp">
      <Filter>Source Files</Filter>
    </ClCompile>
    <ClCompile Include="StairTile_SPU.cpp">
      <Filter>Source Files</Filter>
    </ClCompile>
    <ClCompile Include="TallGrass_SPU.cpp">
      <Filter>Source Files</Filter>
    </ClCompile>
    <ClCompile Include="task.cpp">
      <Filter>Source Files</Filter>
    </ClCompile>
    <ClCompile Include="Tesselator_SPU.cpp">
      <Filter>Source Files</Filter>
    </ClCompile>
    <ClCompile Include="ThinFenceTile_SPU.cpp">
      <Filter>Source Files</Filter>
    </ClCompile>
    <ClCompile Include="Tile_SPU.cpp">
      <Filter>Source Files</Filter>
    </ClCompile>
    <ClCompile Include="TileRenderer_SPU.cpp">
      <Filter>Source Files</Filter>
    </ClCompile>
  </ItemGroup>
</Project>