
Microsoft Visual Studio Solution File, Format Version 12.00
# Visual Studio 2012
Project("{8BC9CEB8-8B4A-11D0-8D11-00A0C91BC942}") = "ChunkUpdate", "ChunkUpdate\ChunkUpdate.spu.vcxproj", "{4B7786BE-4F10-4FAA-A75A-631DF39570DD}"
EndProject
Project("{8BC9CEB8-8B4A-11D0-8D11-00A0C91BC942}") = "CompressedTile", "CompressedTile\CompressedTile.spu.vcxproj", "{4B436D43-D35B-4E56-988A-A3543B70C8E5}"
EndProject
Project("{8BC9CEB8-8B4A-11D0-8D11-00A0C91BC942}") = "CompressedTileStorage_compress", "CompressedTileStorage_compress\CompressedTileStorage_compress.spu.vcxproj", "{297888B4-8234-461B-9861-214988A95711}"
EndProject
Project("{8BC9CEB8-8B4A-11D0-8D11-00A0C91BC942}") = "LevelRenderer_cull", "LevelRenderer_cull\LevelRenderer_cull.spu.vcxproj", "{0FC6FCFB-7793-4EEE-8356-2C129621C67A}"
EndProject
Project("{8BC9CEB8-8B4A-11D0-8D11-00A0C91BC942}") = "LevelRenderer_FindNearestChunk", "LevelRenderer_FindNearestChunk\LevelRenderer_FindNearestChunk.spu.vcxproj", "{E26485AE-71A5-4785-A14D-6456FF7C4FB0}"
EndProject
Project("{8BC9CEB8-8B4A-11D0-8D11-00A0C91BC942}") = "Texture_blit", "Texture_blit\Texture_blit.spu.vcxproj", "{A71AAA51-6541-4348-9814-E5FE2D36183B}"
EndProject
Global
	GlobalSection(TeamFoundationVersionControl) = preSolution
		SccNumberOfProjects = 7
		SccEnterpriseProvider = {4CA58AB2-18FA-4F8D-95D4-32DDF27D184C}
		SccTeamFoundationServer = http://tfs_server:8080/tfs/storiespark
		SccLocalPath0 = .
		SccProjectUniqueName1 = CompressedTile\\CompressedTile.spu.vcxproj
		SccProjectName1 = CompressedTile
		SccLocalPath1 = CompressedTile
		SccProjectUniqueName2 = LevelRenderer_cull\\LevelRenderer_cull.spu.vcxproj
		SccProjectName2 = LevelRenderer_cull
		SccLocalPath2 = LevelRenderer_cull
		SccProjectUniqueName3 = ChunkUpdate\\ChunkUpdate.spu.vcxproj
		SccProjectName3 = ChunkUpdate
		SccLocalPath3 = ChunkUpdate
		SccProjectUniqueName4 = CompressedTileStorage_compress\\CompressedTileStorage_compress.spu.vcxproj
		SccProjectName4 = CompressedTileStorage_compress
		SccLocalPath4 = CompressedTileStorage_compress
		SccProjectUniqueName5 = LevelRenderer_FindNearestChunk\\LevelRenderer_FindNearestChunk.spu.vcxproj
		SccProjectName5 = LevelRenderer_FindNearestChunk
		SccLocalPath5 = LevelRenderer_FindNearestChunk
		SccProjectUniqueName6 = Texture_blit\\Texture_blit.spu.vcxproj
		SccProjectName6 = Texture_blit
		SccLocalPath6 = Texture_blit
	EndGlobalSection
	GlobalSection(SolutionConfigurationPlatforms) = preSolution
		Debug|PS3 = Debug|PS3
		Release|PS3 = Release|PS3
	EndGlobalSection
	GlobalSection(ProjectConfigurationPlatforms) = postSolution
		{4B7786BE-4F10-4FAA-A75A-631DF39570DD}.Debug|PS3.ActiveCfg = Debug|PS3
		{4B7786BE-4F10-4FAA-A75A-631DF39570DD}.Debug|PS3.Build.0 = Debug|PS3
		{4B7786BE-4F10-4FAA-A75A-631DF39570DD}.Release|PS3.ActiveCfg = Release|PS3
		{4B7786BE-4F10-4FAA-A75A-631DF39570DD}.Release|PS3.Build.0 = Release|PS3
		{4B436D43-D35B-4E56-988A-A3543B70C8E5}.Debug|PS3.ActiveCfg = Debug|PS3
		{4B436D43-D35B-4E56-988A-A3543B70C8E5}.Debug|PS3.Build.0 = Debug|PS3
		{4B436D43-D35B-4E56-988A-A3543B70C8E5}.Release|PS3.ActiveCfg = Release|PS3
		{4B436D43-D35B-4E56-988A-A3543B70C8E5}.Release|PS3.Build.0 = Release|PS3
		{297888B4-8234-461B-9861-214988A95711}.Debug|PS3.ActiveCfg = Debug|PS3
		{297888B4-8234-461B-9861-214988A95711}.Debug|PS3.Build.0 = Debug|PS3
		{297888B4-8234-461B-9861-214988A95711}.Release|PS3.ActiveCfg = Release|PS3
		{297888B4-8234-461B-9861-214988A95711}.Release|PS3.Build.0 = Release|PS3
		{0FC6FCFB-7793-4EEE-8356-2C129621C67A}.Debug|PS3.ActiveCfg = Debug|PS3
		{0FC6FCFB-7793-4EEE-8356-2C129621C67A}.Debug|PS3.Build.0 = Debug|PS3
		{0FC6FCFB-7793-4EEE-8356-2C129621C67A}.Release|PS3.ActiveCfg = Release|PS3
		{0FC6FCFB-7793-4EEE-8356-2C129621C67A}.Release|PS3.Build.0 = Release|PS3
		{E26485AE-71A5-4785-A14D-6456FF7C4FB0}.Debug|PS3.ActiveCfg = Debug|PS3
		{E26485AE-71A5-4785-A14D-6456FF7C4FB0}.Debug|PS3.Build.0 = Debug|PS3
		{E26485AE-71A5-4785-A14D-6456FF7C4FB0}.Release|PS3.ActiveCfg = Release|PS3
		{E26485AE-71A5-4785-A14D-6456FF7C4FB0}.Release|PS3.Build.0 = Release|PS3
		{A71AAA51-6541-4348-9814-E5FE2D36183B}.Debug|PS3.ActiveCfg = Debug|PS3
		{A71AAA51-6541-4348-9814-E5FE2D36183B}.Debug|PS3.Build.0 = Debug|PS3
		{A71AAA51-6541-4348-9814-E5FE2D36183B}.Release|PS3.ActiveCfg = Release|PS3
		{A71AAA51-6541-4348-9814-E5FE2D36183B}.Release|PS3.Build.0 = Release|PS3
	EndGlobalSection
	GlobalSection(SolutionProperties) = preSolution
		HideSolutionNode = FALSE
	EndGlobalSection
EndGlobal
