<?xml version="1.0" encoding="utf-8"?>
<Project ToolsVersion="4.0" xmlns="http://schemas.microsoft.com/developer/msbuild/2003">
  <ItemGroup>
    <Filter Include="Source Files">
      <UniqueIdentifier>{881f28ee-ca74-4afc-94a6-2346cb88f86d}</UniqueIdentifier>
      <Extensions>cpp;c;cxx;cc;s;asm</Extensions>
    </Filter>
  </ItemGroup>
  <ItemGroup>
    <ClInclude Include="CompressedTileStorage_SPU.h" />
    <ClInclude Include="SparseDataStorage_SPU.h" />
    <ClInclude Include="SparseLightStorage_SPU.h" />
    <ClInclude Include="stdafx.h" />
  </ItemGroup>
  <ItemGroup>
    <ClCompile Include="CompressedTile_main.cpp">
      <Filter>Source Files</Filter>
    </ClCompile>
    <ClCompile Include="CompressedTileStorage_SPU.cpp">
      <Filter>Source Files</Filter>
    </ClCompile>
    <ClCompile Include="SparseDataStorage_SPU.cpp">
      <Filter>Source Files</Filter>
    </ClCompile>
    <ClCompile Include="SparseLightStorage_SPU.cpp">
      <Filter>Source Files</Filter>
    </ClCompile>
  </ItemGroup>
  <ItemGroup>
    <None Include="..\CompressedTileStorage_compress\CompressedTileStorage_compress.spu.vcxproj" />
  </ItemGroup>
</Project>